<?xml version="1.0" encoding="utf-8"?>
<Project ToolsVersion="4.0" xmlns="http://schemas.microsoft.com/developer/msbuild/2003">
  <ItemGroup>
    <Filter Include="Файлы исходного кода">
      <UniqueIdentifier>{4FC737F1-C7A5-4376-A066-2A32D752A2FF}</UniqueIdentifier>
      <Extensions>cpp;c;cc;cxx;def;odl;idl;hpj;bat;asm;asmx</Extensions>
    </Filter>
    <Filter Include="Заголовочные файлы">
      <UniqueIdentifier>{93995380-89BD-4b04-88EB-625FBE52EBFB}</UniqueIdentifier>
      <Extensions>h;hh;hpp;hxx;hm;inl;inc;xsd</Extensions>
    </Filter>
    <Filter Include="Файлы ресурсов">
      <UniqueIdentifier>{67DA6AB6-F800-4c08-8B7A-83BB121AAD01}</UniqueIdentifier>
      <Extensions>rc;ico;cur;bmp;dlg;rc2;rct;bin;rgs;gif;jpg;jpeg;jpe;resx;tiff;tif;png;wav;mfcribbon-ms</Extensions>
    </Filter>
    <Filter Include="Файлы исходного кода\Core">
      <UniqueIdentifier>{489f1ea5-6f13-4031-9540-a643973192c0}</UniqueIdentifier>
    </Filter>
    <Filter Include="Заголовочные файлы\Core">
      <UniqueIdentifier>{fdcb05d8-6225-4306-9762-4a3e6dfb2916}</UniqueIdentifier>
    </Filter>
    <Filter Include="Заголовочные файлы\RasberriPI">
      <UniqueIdentifier>{9ebea956-dab8-483e-b51f-f8c959048942}</UniqueIdentifier>
    </Filter>
    <Filter Include="Файлы исходного кода\RasberriPI">
      <UniqueIdentifier>{430bca88-bf6d-4e79-90c8-b2caade26484}</UniqueIdentifier>
    </Filter>
  </ItemGroup>
  <ItemGroup>
    <ClInclude Include="Core.h">
      <Filter>Заголовочные файлы\Core</Filter>
    </ClInclude>
    <ClInclude Include="joystick.hh">
      <Filter>Заголовочные файлы\RasberriPI</Filter>
    </ClInclude>
  </ItemGroup>
  <ItemGroup>
    <ClCompile Include="Core.cpp">
      <Filter>Файлы исходного кода\Core</Filter>
    </ClCompile>
    <ClCompile Include="joystick.cc">
      <Filter>Файлы исходного кода\RasberriPI</Filter>
    </ClCompile>
    <ClCompile Include="Main.cpp">
      <Filter>Файлы исходного кода\RasberriPI</Filter>
    </ClCompile>
  </ItemGroup>
</Project>